// !$*UTF8*$!
{
	archiveVersion = 1;
	classes = {
	};
	objectVersion = 48;
	objects = {

/* Begin PBXBuildFile section */
		50F1DDE31FCC267900600110 /* Extensions.swift in Sources */ = {isa = PBXBuildFile; fileRef = 50F1DDE21FCC267900600110 /* Extensions.swift */; };
		9902DE341FBB2659009E0D48 /* AppDelegate.swift in Sources */ = {isa = PBXBuildFile; fileRef = 9902DE331FBB2659009E0D48 /* AppDelegate.swift */; };
		9902DE361FBB2659009E0D48 /* ViewController.swift in Sources */ = {isa = PBXBuildFile; fileRef = 9902DE351FBB2659009E0D48 /* ViewController.swift */; };
		9902DE391FBB2659009E0D48 /* Main.storyboard in Resources */ = {isa = PBXBuildFile; fileRef = 9902DE371FBB2659009E0D48 /* Main.storyboard */; };
		9902DE3B1FBB2659009E0D48 /* Assets.xcassets in Resources */ = {isa = PBXBuildFile; fileRef = 9902DE3A1FBB2659009E0D48 /* Assets.xcassets */; };
		9902DE3E1FBB265A009E0D48 /* LaunchScreen.storyboard in Resources */ = {isa = PBXBuildFile; fileRef = 9902DE3C1FBB2659009E0D48 /* LaunchScreen.storyboard */; };
		99B97A8A212BFC4C00AFA6AC /* KeyboardLayoutGuide.framework in Frameworks */ = {isa = PBXBuildFile; fileRef = 9902DE4B1FBB2669009E0D48 /* KeyboardLayoutGuide.framework */; };
		99B97A8B212BFC4C00AFA6AC /* KeyboardLayoutGuide.framework in Embed Frameworks */ = {isa = PBXBuildFile; fileRef = 9902DE4B1FBB2669009E0D48 /* KeyboardLayoutGuide.framework */; settings = {ATTRIBUTES = (CodeSignOnCopy, RemoveHeadersOnCopy, ); }; };
/* End PBXBuildFile section */

/* Begin PBXContainerItemProxy section */
		9902DE4A1FBB2669009E0D48 /* PBXContainerItemProxy */ = {
			isa = PBXContainerItemProxy;
			containerPortal = 9902DE451FBB2669009E0D48 /* KeyboardLayoutGuide.xcodeproj */;
			proxyType = 2;
			remoteGlobalIDString = 9902DE0B1FBB24A5009E0D48;
			remoteInfo = KeyboardLayoutGuide;
		};
		9902DE4C1FBB2669009E0D48 /* PBXContainerItemProxy */ = {
			isa = PBXContainerItemProxy;
			containerPortal = 9902DE451FBB2669009E0D48 /* KeyboardLayoutGuide.xcodeproj */;
			proxyType = 2;
			remoteGlobalIDString = 9902DE141FBB24A5009E0D48;
			remoteInfo = KeyboardLayoutGuideTests;
		};
		9902DE4E1FBB272B009E0D48 /* PBXContainerItemProxy */ = {
			isa = PBXContainerItemProxy;
			containerPortal = 9902DE451FBB2669009E0D48 /* KeyboardLayoutGuide.xcodeproj */;
			proxyType = 1;
			remoteGlobalIDString = 9902DE0A1FBB24A5009E0D48;
			remoteInfo = KeyboardLayoutGuide;
		};
		99B97A8C212BFC4C00AFA6AC /* PBXContainerItemProxy */ = {
			isa = PBXContainerItemProxy;
			containerPortal = 9902DE451FBB2669009E0D48 /* KeyboardLayoutGuide.xcodeproj */;
			proxyType = 1;
			remoteGlobalIDString = 9902DE0A1FBB24A5009E0D48;
			remoteInfo = KeyboardLayoutGuide;
		};
/* End PBXContainerItemProxy section */

/* Begin PBXCopyFilesBuildPhase section */
		99B97A8E212BFC4C00AFA6AC /* Embed Frameworks */ = {
			isa = PBXCopyFilesBuildPhase;
			buildActionMask = 2147483647;
			dstPath = "";
			dstSubfolderSpec = 10;
			files = (
				99B97A8B212BFC4C00AFA6AC /* KeyboardLayoutGuide.framework in Embed Frameworks */,
			);
			name = "Embed Frameworks";
			runOnlyForDeploymentPostprocessing = 0;
		};
/* End PBXCopyFilesBuildPhase section */

/* Begin PBXFileReference section */
		50F1DDE21FCC267900600110 /* Extensions.swift */ = {isa = PBXFileReference; lastKnownFileType = sourcecode.swift; path = Extensions.swift; sourceTree = "<group>"; };
		9902DE301FBB2659009E0D48 /* KeyboardLayoutGuideExample.app */ = {isa = PBXFileReference; explicitFileType = wrapper.application; includeInIndex = 0; path = KeyboardLayoutGuideExample.app; sourceTree = BUILT_PRODUCTS_DIR; };
		9902DE331FBB2659009E0D48 /* AppDelegate.swift */ = {isa = PBXFileReference; lastKnownFileType = sourcecode.swift; path = AppDelegate.swift; sourceTree = "<group>"; };
		9902DE351FBB2659009E0D48 /* ViewController.swift */ = {isa = PBXFileReference; lastKnownFileType = sourcecode.swift; path = ViewController.swift; sourceTree = "<group>"; };
		9902DE381FBB2659009E0D48 /* Base */ = {isa = PBXFileReference; lastKnownFileType = file.storyboard; name = Base; path = Base.lproj/Main.storyboard; sourceTree = "<group>"; };
		9902DE3A1FBB2659009E0D48 /* Assets.xcassets */ = {isa = PBXFileReference; lastKnownFileType = folder.assetcatalog; path = Assets.xcassets; sourceTree = "<group>"; };
		9902DE3D1FBB265A009E0D48 /* Base */ = {isa = PBXFileReference; lastKnownFileType = file.storyboard; name = Base; path = Base.lproj/LaunchScreen.storyboard; sourceTree = "<group>"; };
		9902DE3F1FBB265A009E0D48 /* Info.plist */ = {isa = PBXFileReference; lastKnownFileType = text.plist.xml; path = Info.plist; sourceTree = "<group>"; };
		9902DE451FBB2669009E0D48 /* KeyboardLayoutGuide.xcodeproj */ = {isa = PBXFileReference; lastKnownFileType = "wrapper.pb-project"; name = KeyboardLayoutGuide.xcodeproj; path = ../KeyboardLayoutGuide/KeyboardLayoutGuide.xcodeproj; sourceTree = "<group>"; };
/* End PBXFileReference section */

/* Begin PBXFrameworksBuildPhase section */
		9902DE2D1FBB2659009E0D48 /* Frameworks */ = {
			isa = PBXFrameworksBuildPhase;
			buildActionMask = 2147483647;
			files = (
				99B97A8A212BFC4C00AFA6AC /* KeyboardLayoutGuide.framework in Frameworks */,
			);
			runOnlyForDeploymentPostprocessing = 0;
		};
/* End PBXFrameworksBuildPhase section */

/* Begin PBXGroup section */
		9902DE271FBB2659009E0D48 = {
			isa = PBXGroup;
			children = (
				9902DE451FBB2669009E0D48 /* KeyboardLayoutGuide.xcodeproj */,
				9902DE321FBB2659009E0D48 /* KeyboardLayoutGuideExample */,
				9902DE311FBB2659009E0D48 /* Products */,
			);
			sourceTree = "<group>";
		};
		9902DE311FBB2659009E0D48 /* Products */ = {
			isa = PBXGroup;
			children = (
				9902DE301FBB2659009E0D48 /* KeyboardLayoutGuideExample.app */,
			);
			name = Products;
			sourceTree = "<group>";
		};
		9902DE321FBB2659009E0D48 /* KeyboardLayoutGuideExample */ = {
			isa = PBXGroup;
			children = (
				9902DE331FBB2659009E0D48 /* AppDelegate.swift */,
				9902DE351FBB2659009E0D48 /* ViewController.swift */,
				50F1DDE21FCC267900600110 /* Extensions.swift */,
				9902DE371FBB2659009E0D48 /* Main.storyboard */,
				9902DE3A1FBB2659009E0D48 /* Assets.xcassets */,
				9902DE3C1FBB2659009E0D48 /* LaunchScreen.storyboard */,
				9902DE3F1FBB265A009E0D48 /* Info.plist */,
			);
			path = KeyboardLayoutGuideExample;
			sourceTree = "<group>";
		};
		9902DE461FBB2669009E0D48 /* Products */ = {
			isa = PBXGroup;
			children = (
				9902DE4B1FBB2669009E0D48 /* KeyboardLayoutGuide.framework */,
				9902DE4D1FBB2669009E0D48 /* KeyboardLayoutGuideTests.xctest */,
			);
			name = Products;
			sourceTree = "<group>";
		};
/* End PBXGroup section */

/* Begin PBXNativeTarget section */
		9902DE2F1FBB2659009E0D48 /* KeyboardLayoutGuideExample */ = {
			isa = PBXNativeTarget;
			buildConfigurationList = 9902DE421FBB265A009E0D48 /* Build configuration list for PBXNativeTarget "KeyboardLayoutGuideExample" */;
			buildPhases = (
				9902DE2C1FBB2659009E0D48 /* Sources */,
				9902DE2D1FBB2659009E0D48 /* Frameworks */,
				9902DE2E1FBB2659009E0D48 /* Resources */,
				99B97A8E212BFC4C00AFA6AC /* Embed Frameworks */,
			);
			buildRules = (
			);
			dependencies = (
				9902DE4F1FBB272B009E0D48 /* PBXTargetDependency */,
				99B97A8D212BFC4C00AFA6AC /* PBXTargetDependency */,
			);
			name = KeyboardLayoutGuideExample;
			productName = KeyboardLayoutGuideExample;
			productReference = 9902DE301FBB2659009E0D48 /* KeyboardLayoutGuideExample.app */;
			productType = "com.apple.product-type.application";
		};
/* End PBXNativeTarget section */

/* Begin PBXProject section */
		9902DE281FBB2659009E0D48 /* Project object */ = {
			isa = PBXProject;
			attributes = {
				LastSwiftUpdateCheck = 0900;
				LastUpgradeCheck = 1000;
				ORGANIZATIONNAME = freshos;
				TargetAttributes = {
					9902DE2F1FBB2659009E0D48 = {
						CreatedOnToolsVersion = 9.0;
						LastSwiftMigration = 1020;
						ProvisioningStyle = Automatic;
					};
				};
			};
			buildConfigurationList = 9902DE2B1FBB2659009E0D48 /* Build configuration list for PBXProject "KeyboardLayoutGuideExample" */;
			compatibilityVersion = "Xcode 8.0";
			developmentRegion = en;
			hasScannedForEncodings = 0;
			knownRegions = (
				en,
				Base,
			);
			mainGroup = 9902DE271FBB2659009E0D48;
			productRefGroup = 9902DE311FBB2659009E0D48 /* Products */;
			projectDirPath = "";
			projectReferences = (
				{
					ProductGroup = 9902DE461FBB2669009E0D48 /* Products */;
					ProjectRef = 9902DE451FBB2669009E0D48 /* KeyboardLayoutGuide.xcodeproj */;
				},
			);
			projectRoot = "";
			targets = (
				9902DE2F1FBB2659009E0D48 /* KeyboardLayoutGuideExample */,
			);
		};
/* End PBXProject section */

/* Begin PBXReferenceProxy section */
		9902DE4B1FBB2669009E0D48 /* KeyboardLayoutGuide.framework */ = {
			isa = PBXReferenceProxy;
			fileType = wrapper.framework;
			path = KeyboardLayoutGuide.framework;
			remoteRef = 9902DE4A1FBB2669009E0D48 /* PBXContainerItemProxy */;
			sourceTree = BUILT_PRODUCTS_DIR;
		};
		9902DE4D1FBB2669009E0D48 /* KeyboardLayoutGuideTests.xctest */ = {
			isa = PBXReferenceProxy;
			fileType = wrapper.cfbundle;
			path = KeyboardLayoutGuideTests.xctest;
			remoteRef = 9902DE4C1FBB2669009E0D48 /* PBXContainerItemProxy */;
			sourceTree = BUILT_PRODUCTS_DIR;
		};
/* End PBXReferenceProxy section */

/* Begin PBXResourcesBuildPhase section */
		9902DE2E1FBB2659009E0D48 /* Resources */ = {
			isa = PBXResourcesBuildPhase;
			buildActionMask = 2147483647;
			files = (
				9902DE3E1FBB265A009E0D48 /* LaunchScreen.storyboard in Resources */,
				9902DE3B1FBB2659009E0D48 /* Assets.xcassets in Resources */,
				9902DE391FBB2659009E0D48 /* Main.storyboard in Resources */,
			);
			runOnlyForDeploymentPostprocessing = 0;
		};
/* End PBXResourcesBuildPhase section */

/* Begin PBXSourcesBuildPhase section */
		9902DE2C1FBB2659009E0D48 /* Sources */ = {
			isa = PBXSourcesBuildPhase;
			buildActionMask = 2147483647;
			files = (
				9902DE361FBB2659009E0D48 /* ViewController.swift in Sources */,
				9902DE341FBB2659009E0D48 /* AppDelegate.swift in Sources */,
				50F1DDE31FCC267900600110 /* Extensions.swift in Sources */,
			);
			runOnlyForDeploymentPostprocessing = 0;
		};
/* End PBXSourcesBuildPhase section */

/* Begin PBXTargetDependency section */
		9902DE4F1FBB272B009E0D48 /* PBXTargetDependency */ = {
			isa = PBXTargetDependency;
			name = KeyboardLayoutGuide;
			targetProxy = 9902DE4E1FBB272B009E0D48 /* PBXContainerItemProxy */;
		};
		99B97A8D212BFC4C00AFA6AC /* PBXTargetDependency */ = {
			isa = PBXTargetDependency;
			name = KeyboardLayoutGuide;
			targetProxy = 99B97A8C212BFC4C00AFA6AC /* PBXContainerItemProxy */;
		};
/* End PBXTargetDependency section */

/* Begin PBXVariantGroup section */
		9902DE371FBB2659009E0D48 /* Main.storyboard */ = {
			isa = PBXVariantGroup;
			children = (
				9902DE381FBB2659009E0D48 /* Base */,
			);
			name = Main.storyboard;
			sourceTree = "<group>";
		};
		9902DE3C1FBB2659009E0D48 /* LaunchScreen.storyboard */ = {
			isa = PBXVariantGroup;
			children = (
				9902DE3D1FBB265A009E0D48 /* Base */,
			);
			name = LaunchScreen.storyboard;
			sourceTree = "<group>";
		};
/* End PBXVariantGroup section */

/* Begin XCBuildConfiguration section */
		9902DE401FBB265A009E0D48 /* Debug */ = {
			isa = XCBuildConfiguration;
			buildSettings = {
				ALWAYS_SEARCH_USER_PATHS = NO;
				CLANG_ANALYZER_NONNULL = YES;
				CLANG_ANALYZER_NUMBER_OBJECT_CONVERSION = YES_AGGRESSIVE;
				CLANG_CXX_LANGUAGE_STANDARD = "gnu++14";
				CLANG_CXX_LIBRARY = "libc++";
				CLANG_ENABLE_MODULES = YES;
				CLANG_ENABLE_OBJC_ARC = YES;
				CLANG_WARN_BLOCK_CAPTURE_AUTORELEASING = YES;
				CLANG_WARN_BOOL_CONVERSION = YES;
				CLANG_WARN_COMMA = YES;
				CLANG_WARN_CONSTANT_CONVERSION = YES;
				CLANG_WARN_DEPRECATED_OBJC_IMPLEMENTATIONS = YES;
				CLANG_WARN_DIRECT_OBJC_ISA_USAGE = YES_ERROR;
				CLANG_WARN_DOCUMENTATION_COMMENTS = YES;
				CLANG_WARN_EMPTY_BODY = YES;
				CLANG_WARN_ENUM_CONVERSION = YES;
				CLANG_WARN_INFINITE_RECURSION = YES;
				CLANG_WARN_INT_CONVERSION = YES;
				CLANG_WARN_NON_LITERAL_NULL_CONVERSION = YES;
				CLANG_WARN_OBJC_IMPLICIT_RETAIN_SELF = YES;
				CLANG_WARN_OBJC_LITERAL_CONVERSION = YES;
				CLANG_WARN_OBJC_ROOT_CLASS = YES_ERROR;
				CLANG_WARN_RANGE_LOOP_ANALYSIS = YES;
				CLANG_WARN_STRICT_PROTOTYPES = YES;
				CLANG_WARN_SUSPICIOUS_MOVE = YES;
				CLANG_WARN_UNGUARDED_AVAILABILITY = YES_AGGRESSIVE;
				CLANG_WARN_UNREACHABLE_CODE = YES;
				CLANG_WARN__DUPLICATE_METHOD_MATCH = YES;
				CODE_SIGN_IDENTITY = "iPhone Developer";
				COPY_PHASE_STRIP = NO;
				DEBUG_INFORMATION_FORMAT = dwarf;
				ENABLE_STRICT_OBJC_MSGSEND = YES;
				ENABLE_TESTABILITY = YES;
				GCC_C_LANGUAGE_STANDARD = gnu11;
				GCC_DYNAMIC_NO_PIC = NO;
				GCC_NO_COMMON_BLOCKS = YES;
				GCC_OPTIMIZATION_LEVEL = 0;
				GCC_PREPROCESSOR_DEFINITIONS = (
					"DEBUG=1",
					"$(inherited)",
				);
				GCC_WARN_64_TO_32_BIT_CONVERSION = YES;
				GCC_WARN_ABOUT_RETURN_TYPE = YES_ERROR;
				GCC_WARN_UNDECLARED_SELECTOR = YES;
				GCC_WARN_UNINITIALIZED_AUTOS = YES_AGGRESSIVE;
				GCC_WARN_UNUSED_FUNCTION = YES;
				GCC_WARN_UNUSED_VARIABLE = YES;
				IPHONEOS_DEPLOYMENT_TARGET = 11.0;
				MTL_ENABLE_DEBUG_INFO = YES;
				ONLY_ACTIVE_ARCH = YES;
				SDKROOT = iphoneos;
				SWIFT_ACTIVE_COMPILATION_CONDITIONS = DEBUG;
				SWIFT_OPTIMIZATION_LEVEL = "-Onone";
				SWIFT_VERSION = 4.2;
			};
			name = Debug;
		};
		9902DE411FBB265A009E0D48 /* Release */ = {
			isa = XCBuildConfiguration;
			buildSettings = {
				ALWAYS_SEARCH_USER_PATHS = NO;
				CLANG_ANALYZER_NONNULL = YES;
				CLANG_ANALYZER_NUMBER_OBJECT_CONVERSION = YES_AGGRESSIVE;
				CLANG_CXX_LANGUAGE_STANDARD = "gnu++14";
				CLANG_CXX_LIBRARY = "libc++";
				CLANG_ENABLE_MODULES = YES;
				CLANG_ENABLE_OBJC_ARC = YES;
				CLANG_WARN_BLOCK_CAPTURE_AUTORELEASING = YES;
				CLANG_WARN_BOOL_CONVERSION = YES;
				CLANG_WARN_COMMA = YES;
				CLANG_WARN_CONSTANT_CONVERSION = YES;
				CLANG_WARN_DEPRECATED_OBJC_IMPLEMENTATIONS = YES;
				CLANG_WARN_DIRECT_OBJC_ISA_USAGE = YES_ERROR;
				CLANG_WARN_DOCUMENTATION_COMMENTS = YES;
				CLANG_WARN_EMPTY_BODY = YES;
				CLANG_WARN_ENUM_CONVERSION = YES;
				CLANG_WARN_INFINITE_RECURSION = YES;
				CLANG_WARN_INT_CONVERSION = YES;
				CLANG_WARN_NON_LITERAL_NULL_CONVERSION = YES;
				CLANG_WARN_OBJC_IMPLICIT_RETAIN_SELF = YES;
				CLANG_WARN_OBJC_LITERAL_CONVERSION = YES;
				CLANG_WARN_OBJC_ROOT_CLASS = YES_ERROR;
				CLANG_WARN_RANGE_LOOP_ANALYSIS = YES;
				CLANG_WARN_STRICT_PROTOTYPES = YES;
				CLANG_WARN_SUSPICIOUS_MOVE = YES;
				CLANG_WARN_UNGUARDED_AVAILABILITY = YES_AGGRESSIVE;
				CLANG_WARN_UNREACHABLE_CODE = YES;
				CLANG_WARN__DUPLICATE_METHOD_MATCH = YES;
				CODE_SIGN_IDENTITY = "iPhone Developer";
				COPY_PHASE_STRIP = NO;
				DEBUG_INFORMATION_FORMAT = "dwarf-with-dsym";
				ENABLE_NS_ASSERTIONS = NO;
				ENABLE_STRICT_OBJC_MSGSEND = YES;
				GCC_C_LANGUAGE_STANDARD = gnu11;
				GCC_NO_COMMON_BLOCKS = YES;
				GCC_WARN_64_TO_32_BIT_CONVERSION = YES;
				GCC_WARN_ABOUT_RETURN_TYPE = YES_ERROR;
				GCC_WARN_UNDECLARED_SELECTOR = YES;
				GCC_WARN_UNINITIALIZED_AUTOS = YES_AGGRESSIVE;
				GCC_WARN_UNUSED_FUNCTION = YES;
				GCC_WARN_UNUSED_VARIABLE = YES;
				IPHONEOS_DEPLOYMENT_TARGET = 11.0;
				MTL_ENABLE_DEBUG_INFO = NO;
				SDKROOT = iphoneos;
				SWIFT_OPTIMIZATION_LEVEL = "-Owholemodule";
				SWIFT_VERSION = 4.2;
				VALIDATE_PRODUCT = YES;
			};
			name = Release;
		};
		9902DE431FBB265A009E0D48 /* Debug */ = {
			isa = XCBuildConfiguration;
			buildSettings = {
				ALWAYS_EMBED_SWIFT_STANDARD_LIBRARIES = YES;
				ASSETCATALOG_COMPILER_APPICON_NAME = AppIcon;
				CODE_SIGN_STYLE = Automatic;
				DEVELOPMENT_TEAM = 4TATSTJ3J3;
				INFOPLIST_FILE = KeyboardLayoutGuideExample/Info.plist;
				LD_RUNPATH_SEARCH_PATHS = "$(inherited) @executable_path/Frameworks";
				PRODUCT_BUNDLE_IDENTIFIER = com.freshos.KeyboardLayoutGuideExample;
				PRODUCT_NAME = "$(TARGET_NAME)";
				SWIFT_VERSION = 5.0;
				TARGETED_DEVICE_FAMILY = "1,2";
			};
			name = Debug;
		};
		9902DE441FBB265A009E0D48 /* Release */ = {
			isa = XCBuildConfiguration;
			buildSettings = {
				ALWAYS_EMBED_SWIFT_STANDARD_LIBRARIES = YES;
				ASSETCATALOG_COMPILER_APPICON_NAME = AppIcon;
				CODE_SIGN_STYLE = Automatic;
				DEVELOPMENT_TEAM = 4TATSTJ3J3;
				INFOPLIST_FILE = KeyboardLayoutGuideExample/Info.plist;
				LD_RUNPATH_SEARCH_PATHS = "$(inherited) @executable_path/Frameworks";
				PRODUCT_BUNDLE_IDENTIFIER = com.freshos.KeyboardLayoutGuideExample;
				PRODUCT_NAME = "$(TARGET_NAME)";
				SWIFT_VERSION = 5.0;
				TARGETED_DEVICE_FAMILY = "1,2";
			};
			name = Release;
		};
/* End XCBuildConfiguration section */

/* Begin XCConfigurationList section */
		9902DE2B1FBB2659009E0D48 /* Build configuration list for PBXProject "KeyboardLayoutGuideExample" */ = {
			isa = XCConfigurationList;
			buildConfigurations = (
				9902DE401FBB265A009E0D48 /* Debug */,
				9902DE411FBB265A009E0D48 /* Release */,
			);
			defaultConfigurationIsVisible = 0;
			defaultConfigurationName = Release;
		};
		9902DE421FBB265A009E0D48 /* Build configuration list for PBXNativeTarget "KeyboardLayoutGuideExample" */ = {
			isa = XCConfigurationList;
			buildConfigurations = (
				9902DE431FBB265A009E0D48 /* Debug */,
				9902DE441FBB265A009E0D48 /* Release */,
			);
			defaultConfigurationIsVisible = 0;
			defaultConfigurationName = Release;
		};
/* End XCConfigurationList section */
	};
	rootObject = 9902DE281FBB2659009E0D48 /* Project object */;
}
